
Microsoft Visual Studio Solution File, Format Version 12.00
# Visual Studio Version 17
VisualStudioVersion = 17.8.34330.188
MinimumVisualStudioVersion = 10.0.40219.1
Project("{FAE04EC0-301F-11D3-BF4B-00C04F79EFBC}") = "ShapeLibrary", "ShapeLibrary\ShapeLibrary.csproj", "{B17BD6CF-40D6-4B94-B424-B387BB75C9B8}"
EndProject
Project("{FAE04EC0-301F-11D3-BF4B-00C04F79EFBC}") = "CalculationTest", "CalculationTest\CalculationTest.csproj", "{7C75C281-6591-42D9-8DA3-3669CEF1EE40}"
EndProject
Global
	GlobalSection(SolutionConfigurationPlatforms) = preSolution
		Debug|Any CPU = Debug|Any CPU
		Release|Any CPU = Release|Any CPU
	EndGlobalSection
	GlobalSection(ProjectConfigurationPlatforms) = postSolution
		{B17BD6CF-40D6-4B94-B424-B387BB75C9B8}.Debug|Any CPU.ActiveCfg = Debug|Any CPU
		{B17BD6CF-40D6-4B94-B424-B387BB75C9B8}.Debug|Any CPU.Build.0 = Debug|Any CPU
		{B17BD6CF-40D6-4B94-B424-B387BB75C9B8}.Release|Any CPU.ActiveCfg = Release|Any CPU
		{B17BD6CF-40D6-4B94-B424-B387BB75C9B8}.Release|Any CPU.Build.0 = Release|Any CPU
		{7C75C281-6591-42D9-8DA3-3669CEF1EE40}.Debug|Any CPU.ActiveCfg = Debug|Any CPU
		{7C75C281-6591-42D9-8DA3-3669CEF1EE40}.Debug|Any CPU.Build.0 = Debug|Any CPU
		{7C75C281-6591-42D9-8DA3-3669CEF1EE40}.Release|Any CPU.ActiveCfg = Release|Any CPU
		{7C75C281-6591-42D9-8DA3-3669CEF1EE40}.Release|Any CPU.Build.0 = Release|Any CPU
	EndGlobalSection
	GlobalSection(SolutionProperties) = preSolution
		HideSolutionNode = FALSE
	EndGlobalSection
	GlobalSection(ExtensibilityGlobals) = postSolution
		SolutionGuid = {12247C49-4AE6-44DF-B984-727055ED7F2C}
	EndGlobalSection
EndGlobal
